{
    "name": "codemirror6-tut",
    "version": "0.1.0",
    "lockfileVersion": 2,
    "requires": true,
    "packages": {
        "": {
            "name": "codemirror6-tut",
            "version": "0.1.0",
            "dependencies": {
                "@codemirror/basic-setup": "^0.19.0",
                "@codemirror/collab": "^0.19.0"
            },
            "devDependencies": {
                "@types/node": "^16.11.0"
            }
        },
        "node_modules/@codemirror/autocomplete": {
            "version": "0.19.3",
            "resolved": "https://registry.npmjs.org/@codemirror/autocomplete/-/autocomplete-0.19.3.tgz",
            "integrity": "sha512-5juP6hVrHAogzQ0JUTQuibE8j1seqeGNJ98qLUPuliI6kLBg5INS4qvUI1Brqye+wYPFu7UHqrrn13RLh5YSzw==",
            "dependencies": {
                "@codemirror/language": "^0.19.0",
                "@codemirror/state": "^0.19.0",
                "@codemirror/text": "^0.19.2",
                "@codemirror/tooltip": "^0.19.0",
                "@codemirror/view": "^0.19.0",
                "@lezer/common": "^0.15.0"
            }
        },
        "node_modules/@codemirror/basic-setup": {
            "version": "0.19.0",
            "resolved": "https://registry.npmjs.org/@codemirror/basic-setup/-/basic-setup-0.19.0.tgz",
            "integrity": "sha512-Yhrf7fIz8+INHWOhpWeRwbs8fpc0KsydX9baD7TyYqniLVWyTi0Hwm52mr0f5O+k4YaJPeHAgT3x9gzDXZIvOw==",
            "dependencies": {
                "@codemirror/autocomplete": "^0.19.0",
                "@codemirror/closebrackets": "^0.19.0",
                "@codemirror/commands": "^0.19.0",
                "@codemirror/comment": "^0.19.0",
                "@codemirror/fold": "^0.19.0",
                "@codemirror/gutter": "^0.19.0",
                "@codemirror/highlight": "^0.19.0",
                "@codemirror/history": "^0.19.0",
                "@codemirror/language": "^0.19.0",
                "@codemirror/lint": "^0.19.0",
                "@codemirror/matchbrackets": "^0.19.0",
                "@codemirror/rectangular-selection": "^0.19.0",
                "@codemirror/search": "^0.19.0",
                "@codemirror/state": "^0.19.0",
                "@codemirror/view": "^0.19.0"
            }
        },
        "node_modules/@codemirror/closebrackets": {
            "version": "0.19.0",
            "resolved": "https://registry.npmjs.org/@codemirror/closebrackets/-/closebrackets-0.19.0.tgz",
            "integrity": "sha512-dFWX5OEVYWRNtGaifSbwIAlymnRRjxWMiMbffbAjF7p0zfGHDbdGkiT56q3Xud63h5/tQdSo5dK1iyNTzHz5vg==",
            "dependencies": {
                "@codemirror/language": "^0.19.0",
                "@codemirror/rangeset": "^0.19.0",
                "@codemirror/state": "^0.19.0",
                "@codemirror/text": "^0.19.0",
                "@codemirror/view": "^0.19.0"
            }
        },
        "node_modules/@codemirror/collab": {
            "version": "0.19.0",
            "resolved": "https://registry.npmjs.org/@codemirror/collab/-/collab-0.19.0.tgz",
            "integrity": "sha512-pyrEXLLkby82y9wzfanEQGl3V3DX/pIuA97Js7gVEbPAqhvse5iXKNyp1Yr37afhkl2TUeoZyUSFTtcimgdI6g==",
            "dependencies": {
                "@codemirror/state": "^0.19.0"
            }
        },
        "node_modules/@codemirror/commands": {
            "version": "0.19.5",
            "resolved": "https://registry.npmjs.org/@codemirror/commands/-/commands-0.19.5.tgz",
            "integrity": "sha512-8PZOtx7d/GbKhFYA88zs2wINDtaUgj3pEjLYScKTd/Vsyw8qOp86tJQQNnMFTRZj/ISQl9Lbg3aAmHvroMqspw==",
            "dependencies": {
                "@codemirror/language": "^0.19.0",
                "@codemirror/matchbrackets": "^0.19.0",
                "@codemirror/state": "^0.19.2",
                "@codemirror/text": "^0.19.0",
                "@codemirror/view": "^0.19.0",
                "@lezer/common": "^0.15.0"
            }
        },
        "node_modules/@codemirror/comment": {
            "version": "0.19.0",
            "resolved": "https://registry.npmjs.org/@codemirror/comment/-/comment-0.19.0.tgz",
            "integrity": "sha512-3hqAd0548fxqOBm4khFMcXVIivX8p0bSlbAuZJ6PNoUn/0wXhxkxowPp0FmFzU2+y37Z+ZQF5cRB5EREWPRIiQ==",
            "dependencies": {
                "@codemirror/state": "^0.19.0",
                "@codemirror/text": "^0.19.0",
                "@codemirror/view": "^0.19.0"
            }
        },
        "node_modules/@codemirror/fold": {
            "version": "0.19.0",
            "resolved": "https://registry.npmjs.org/@codemirror/fold/-/fold-0.19.0.tgz",
            "integrity": "sha512-cHbr2hqKe2pMls1Ia1a4IwXly87ljpmvPUKkul6H/Uv9kCwpQLOP3dGMPXbMGm/1hGjBF/0wnc+m2iba9iJBTQ==",
            "dependencies": {
                "@codemirror/gutter": "^0.19.0",
                "@codemirror/language": "^0.19.0",
                "@codemirror/rangeset": "^0.19.0",
                "@codemirror/state": "^0.19.0",
                "@codemirror/view": "^0.19.0"
            }
        },
        "node_modules/@codemirror/gutter": {
            "version": "0.19.2",
            "resolved": "https://registry.npmjs.org/@codemirror/gutter/-/gutter-0.19.2.tgz",
            "integrity": "sha512-xiayxhc9uq1UXiG/r/E3AAYXZt+EtSdgdQXC4nlMHvbfw2EmtryfzGO3HrgasHRyAW8uNCaO9JO4n7mU7rm1rQ==",
            "dependencies": {
                "@codemirror/rangeset": "^0.19.0",
                "@codemirror/state": "^0.19.0",
                "@codemirror/view": "^0.19.0"
            }
        },
        "node_modules/@codemirror/highlight": {
            "version": "0.19.6",
            "resolved": "https://registry.npmjs.org/@codemirror/highlight/-/highlight-0.19.6.tgz",
            "integrity": "sha512-+eibu6on9quY8uN3xJ/n3rH+YIDLlpX7YulVmFvqAIz/ukRQ5tWaBmB7fMixHmnmRIRBRZgB8rNtonuMwZSAHQ==",
            "dependencies": {
                "@codemirror/language": "^0.19.0",
                "@codemirror/rangeset": "^0.19.0",
                "@codemirror/state": "^0.19.0",
                "@codemirror/view": "^0.19.0",
                "@lezer/common": "^0.15.0",
                "style-mod": "^4.0.0"
            }
        },
        "node_modules/@codemirror/history": {
            "version": "0.19.0",
            "resolved": "https://registry.npmjs.org/@codemirror/history/-/history-0.19.0.tgz",
            "integrity": "sha512-E0H+lncH66IMDhaND9jgkjE7s0dhYfjCPmS+Ig2Yes9I8+UIEecIdObj8c8HPCFGctGg3fxXqRAw2mdHl2Wouw==",
            "dependencies": {
                "@codemirror/state": "^0.19.0",
                "@codemirror/view": "^0.19.0"
            }
        },
        "node_modules/@codemirror/language": {
            "version": "0.19.3",
            "resolved": "https://registry.npmjs.org/@codemirror/language/-/language-0.19.3.tgz",
            "integrity": "sha512-6vjkRYHRJg/z9wdAk75nU2fQwCJBsh2HpkIjKXIHfzISSgLt5qSDxVhPd8Uu8PD5WMmFFP8tX7I9kdIt873o0A==",
            "dependencies": {
                "@codemirror/state": "^0.19.0",
                "@codemirror/text": "^0.19.0",
                "@codemirror/view": "^0.19.0",
                "@lezer/common": "^0.15.5",
                "@lezer/lr": "^0.15.0"
            }
        },
        "node_modules/@codemirror/lint": {
            "version": "0.19.2",
            "resolved": "https://registry.npmjs.org/@codemirror/lint/-/lint-0.19.2.tgz",
            "integrity": "sha512-477qvXWwuf24YsBi1DzjrGyzM+qfPe5L4xEHGxQTGOMq6R0+QAFKppOJsxN3y7gzDpLrZSYZdhJzWevOuliZQg==",
            "dependencies": {
                "@codemirror/panel": "^0.19.0",
                "@codemirror/state": "^0.19.0",
                "@codemirror/tooltip": "^0.19.0",
                "@codemirror/view": "^0.19.0",
                "crelt": "^1.0.5"
            }
        },
        "node_modules/@codemirror/matchbrackets": {
            "version": "0.19.3",
            "resolved": "https://registry.npmjs.org/@codemirror/matchbrackets/-/matchbrackets-0.19.3.tgz",
            "integrity": "sha512-ljkrBxaLgh8jesroUiBa57pdEwqJamxkukXrJpL9LdyFZVJaF+9TldhztRaMsMZO1XnCSSHQ9sg32iuHo7Sc2g==",
            "dependencies": {
                "@codemirror/language": "^0.19.0",
                "@codemirror/state": "^0.19.0",
                "@codemirror/view": "^0.19.0",
                "@lezer/common": "^0.15.0"
            }
        },
        "node_modules/@codemirror/panel": {
            "version": "0.19.0",
            "resolved": "https://registry.npmjs.org/@codemirror/panel/-/panel-0.19.0.tgz",
            "integrity": "sha512-LJuu49xnuhaAztlhnLJQ57ddOirSyf8/lnl7twsQUG/05RkxodBZ9F7q8r5AOLqOkaQOy9WySEKX1Ur8lD9Q5w==",
            "dependencies": {
                "@codemirror/state": "^0.19.0",
                "@codemirror/view": "^0.19.0"
            }
        },
        "node_modules/@codemirror/rangeset": {
            "version": "0.19.1",
            "resolved": "https://registry.npmjs.org/@codemirror/rangeset/-/rangeset-0.19.1.tgz",
            "integrity": "sha512-WaKTEw8JB/3QFlQzpdgRoklopcWvG8O/Xp+rxxOfFKYTaeaejpY/tjpyBBg+Ea65Ka3m7+pPp9d5j/oR2rd9NA==",
            "dependencies": {
                "@codemirror/state": "^0.19.0"
            }
        },
        "node_modules/@codemirror/rectangular-selection": {
            "version": "0.19.1",
            "resolved": "https://registry.npmjs.org/@codemirror/rectangular-selection/-/rectangular-selection-0.19.1.tgz",
            "integrity": "sha512-9ElnqOg3mpZIWe0prPRd1SZ48Q9QB3bR8Aocq8UtjboJSUG8ABhRrbuTZMW/rMqpBPSjVpCe9xkCCkEQMYQVmw==",
            "dependencies": {
                "@codemirror/state": "^0.19.0",
                "@codemirror/text": "^0.19.4",
                "@codemirror/view": "^0.19.0"
            }
        },
        "node_modules/@codemirror/search": {
            "version": "0.19.2",
            "resolved": "https://registry.npmjs.org/@codemirror/search/-/search-0.19.2.tgz",
            "integrity": "sha512-TrRxUxyJ/a7HXtUvMZhgkOUbKE1xO33UhXjn1XACEHKWhgovw1vEeEEti9dZejN8/QOOFJed39InUxmp7oQ8HA==",
            "dependencies": {
                "@codemirror/panel": "^0.19.0",
                "@codemirror/rangeset": "^0.19.0",
                "@codemirror/state": "^0.19.2",
                "@codemirror/text": "^0.19.0",
                "@codemirror/view": "^0.19.0",
                "crelt": "^1.0.5"
            }
        },
        "node_modules/@codemirror/state": {
            "version": "0.19.2",
            "resolved": "https://registry.npmjs.org/@codemirror/state/-/state-0.19.2.tgz",
            "integrity": "sha512-dDqCrtkb0c/LYUlvQBLyLfkISEskbZnhvBbcVOF4j2AusJ1ptJ3EGMxBL9G16GP1TOdC1T613gA1J1qc3pbfGQ==",
            "dependencies": {
                "@codemirror/text": "^0.19.0"
            }
        },
        "node_modules/@codemirror/text": {
            "version": "0.19.4",
            "resolved": "https://registry.npmjs.org/@codemirror/text/-/text-0.19.4.tgz",
            "integrity": "sha512-Msd1ImS+Mmref28+oyoOrBwqjH4lbCVO/5ol2jRaCEYH7+KaMocxFADZomPLnMPgDW6Gc4mu/K2lj8IjAOFdTA=="
        },
        "node_modules/@codemirror/tooltip": {
            "version": "0.19.2",
            "resolved": "https://registry.npmjs.org/@codemirror/tooltip/-/tooltip-0.19.2.tgz",
            "integrity": "sha512-FMMGGLrr62Ck54NEz8yTGpgo8ihobAsC3sbeQg+OpY4jv9dt1yIP5B9LzsIV+TXQB57JZQZxtTqzkhnFq76haw==",
            "dependencies": {
                "@codemirror/state": "^0.19.0",
                "@codemirror/view": "^0.19.0"
            }
        },
        "node_modules/@codemirror/view": {
            "version": "0.19.9",
            "resolved": "https://registry.npmjs.org/@codemirror/view/-/view-0.19.9.tgz",
            "integrity": "sha512-d2Z2rFl53yTwvhsRYtS97xT7ce1f/Q/NNE2uDg/Be1MVjP2v1OlwUTyTosBmxiCt4oUvMklfa+EdPGOATVJhtg==",
            "dependencies": {
                "@codemirror/rangeset": "^0.19.0",
                "@codemirror/state": "^0.19.2",
                "@codemirror/text": "^0.19.0",
                "style-mod": "^4.0.0",
                "w3c-keyname": "^2.2.4"
            }
        },
        "node_modules/@lezer/common": {
            "version": "0.15.7",
            "resolved": "https://registry.npmjs.org/@lezer/common/-/common-0.15.7.tgz",
            "integrity": "sha512-Rw8TDJnBzZnkyzIXs1Tmmd241FrBLJBj8gkdy3y0joGFb8Z4I/joKEsR+gv1pb13o1TMsZxm3fmP+d/wPt2CTQ=="
        },
        "node_modules/@lezer/lr": {
            "version": "0.15.4",
            "resolved": "https://registry.npmjs.org/@lezer/lr/-/lr-0.15.4.tgz",
            "integrity": "sha512-vwgG80sihEGJn6wJp6VijXrnzVai/KPva/OzYKaWvIx0IiXKjoMQ8UAwcgpSBwfS4Fbz3IKOX/cCNXU3r1FvpQ==",
            "dependencies": {
                "@lezer/common": "^0.15.0"
            }
        },
        "node_modules/@types/node": {
            "version": "16.11.0",
            "resolved": "https://registry.npmjs.org/@types/node/-/node-16.11.0.tgz",
            "integrity": "sha512-8MLkBIYQMuhRBQzGN9875bYsOhPnf/0rgXGo66S2FemHkhbn9qtsz9ywV1iCG+vbjigE4WUNVvw37Dx+L0qsPg==",
            "dev": true
        },
        "node_modules/crelt": {
            "version": "1.0.5",
            "resolved": "https://registry.npmjs.org/crelt/-/crelt-1.0.5.tgz",
            "integrity": "sha512-+BO9wPPi+DWTDcNYhr/W90myha8ptzftZT+LwcmUbbok0rcP/fequmFYCw8NMoH7pkAZQzU78b3kYrlua5a9eA=="
        },
        "node_modules/style-mod": {
            "version": "4.0.0",
            "resolved": "https://registry.npmjs.org/style-mod/-/style-mod-4.0.0.tgz",
            "integrity": "sha512-OPhtyEjyyN9x3nhPsu76f52yUGXiZcgvsrFVtvTkyGRQJ0XK+GPc6ov1z+lRpbeabka+MYEQxOYRnt5nF30aMw=="
        },
        "node_modules/w3c-keyname": {
            "version": "2.2.4",
            "resolved": "https://registry.npmjs.org/w3c-keyname/-/w3c-keyname-2.2.4.tgz",
            "integrity": "sha512-tOhfEwEzFLJzf6d1ZPkYfGj+FWhIpBux9ppoP3rlclw3Z0BZv3N7b7030Z1kYth+6rDuAsXUFr+d0VE6Ed1ikw=="
        }
    },
    "dependencies": {
        "@codemirror/autocomplete": {
            "version": "0.19.3",
            "resolved": "https://registry.npmjs.org/@codemirror/autocomplete/-/autocomplete-0.19.3.tgz",
            "integrity": "sha512-5juP6hVrHAogzQ0JUTQuibE8j1seqeGNJ98qLUPuliI6kLBg5INS4qvUI1Brqye+wYPFu7UHqrrn13RLh5YSzw==",
            "requires": {
                "@codemirror/language": "^0.19.0",
                "@codemirror/state": "^0.19.0",
                "@codemirror/text": "^0.19.2",
                "@codemirror/tooltip": "^0.19.0",
                "@codemirror/view": "^0.19.0",
                "@lezer/common": "^0.15.0"
            }
        },
        "@codemirror/basic-setup": {
            "version": "0.19.0",
            "resolved": "https://registry.npmjs.org/@codemirror/basic-setup/-/basic-setup-0.19.0.tgz",
            "integrity": "sha512-Yhrf7fIz8+INHWOhpWeRwbs8fpc0KsydX9baD7TyYqniLVWyTi0Hwm52mr0f5O+k4YaJPeHAgT3x9gzDXZIvOw==",
            "requires": {
                "@codemirror/autocomplete": "^0.19.0",
                "@codemirror/closebrackets": "^0.19.0",
                "@codemirror/commands": "^0.19.0",
                "@codemirror/comment": "^0.19.0",
                "@codemirror/fold": "^0.19.0",
                "@codemirror/gutter": "^0.19.0",
                "@codemirror/highlight": "^0.19.0",
                "@codemirror/history": "^0.19.0",
                "@codemirror/language": "^0.19.0",
                "@codemirror/lint": "^0.19.0",
                "@codemirror/matchbrackets": "^0.19.0",
                "@codemirror/rectangular-selection": "^0.19.0",
                "@codemirror/search": "^0.19.0",
                "@codemirror/state": "^0.19.0",
                "@codemirror/view": "^0.19.0"
            }
        },
        "@codemirror/closebrackets": {
            "version": "0.19.0",
            "resolved": "https://registry.npmjs.org/@codemirror/closebrackets/-/closebrackets-0.19.0.tgz",
            "integrity": "sha512-dFWX5OEVYWRNtGaifSbwIAlymnRRjxWMiMbffbAjF7p0zfGHDbdGkiT56q3Xud63h5/tQdSo5dK1iyNTzHz5vg==",
            "requires": {
                "@codemirror/language": "^0.19.0",
                "@codemirror/rangeset": "^0.19.0",
                "@codemirror/state": "^0.19.0",
                "@codemirror/text": "^0.19.0",
                "@codemirror/view": "^0.19.0"
            }
        },
        "@codemirror/collab": {
            "version": "0.19.0",
            "resolved": "https://registry.npmjs.org/@codemirror/collab/-/collab-0.19.0.tgz",
            "integrity": "sha512-pyrEXLLkby82y9wzfanEQGl3V3DX/pIuA97Js7gVEbPAqhvse5iXKNyp1Yr37afhkl2TUeoZyUSFTtcimgdI6g==",
            "requires": {
                "@codemirror/state": "^0.19.0"
            }
        },
        "@codemirror/commands": {
            "version": "0.19.5",
            "resolved": "https://registry.npmjs.org/@codemirror/commands/-/commands-0.19.5.tgz",
            "integrity": "sha512-8PZOtx7d/GbKhFYA88zs2wINDtaUgj3pEjLYScKTd/Vsyw8qOp86tJQQNnMFTRZj/ISQl9Lbg3aAmHvroMqspw==",
            "requires": {
                "@codemirror/language": "^0.19.0",
                "@codemirror/matchbrackets": "^0.19.0",
                "@codemirror/state": "^0.19.2",
                "@codemirror/text": "^0.19.0",
                "@codemirror/view": "^0.19.0",
                "@lezer/common": "^0.15.0"
            }
        },
        "@codemirror/comment": {
            "version": "0.19.0",
            "resolved": "https://registry.npmjs.org/@codemirror/comment/-/comment-0.19.0.tgz",
            "integrity": "sha512-3hqAd0548fxqOBm4khFMcXVIivX8p0bSlbAuZJ6PNoUn/0wXhxkxowPp0FmFzU2+y37Z+ZQF5cRB5EREWPRIiQ==",
            "requires": {
                "@codemirror/state": "^0.19.0",
                "@codemirror/text": "^0.19.0",
                "@codemirror/view": "^0.19.0"
            }
        },
        "@codemirror/fold": {
            "version": "0.19.0",
            "resolved": "https://registry.npmjs.org/@codemirror/fold/-/fold-0.19.0.tgz",
            "integrity": "sha512-cHbr2hqKe2pMls1Ia1a4IwXly87ljpmvPUKkul6H/Uv9kCwpQLOP3dGMPXbMGm/1hGjBF/0wnc+m2iba9iJBTQ==",
            "requires": {
                "@codemirror/gutter": "^0.19.0",
                "@codemirror/language": "^0.19.0",
                "@codemirror/rangeset": "^0.19.0",
                "@codemirror/state": "^0.19.0",
                "@codemirror/view": "^0.19.0"
            }
        },
        "@codemirror/gutter": {
            "version": "0.19.2",
            "resolved": "https://registry.npmjs.org/@codemirror/gutter/-/gutter-0.19.2.tgz",
            "integrity": "sha512-xiayxhc9uq1UXiG/r/E3AAYXZt+EtSdgdQXC4nlMHvbfw2EmtryfzGO3HrgasHRyAW8uNCaO9JO4n7mU7rm1rQ==",
            "requires": {
                "@codemirror/rangeset": "^0.19.0",
                "@codemirror/state": "^0.19.0",
                "@codemirror/view": "^0.19.0"
            }
        },
        "@codemirror/highlight": {
            "version": "0.19.6",
            "resolved": "https://registry.npmjs.org/@codemirror/highlight/-/highlight-0.19.6.tgz",
            "integrity": "sha512-+eibu6on9quY8uN3xJ/n3rH+YIDLlpX7YulVmFvqAIz/ukRQ5tWaBmB7fMixHmnmRIRBRZgB8rNtonuMwZSAHQ==",
            "requires": {
                "@codemirror/language": "^0.19.0",
                "@codemirror/rangeset": "^0.19.0",
                "@codemirror/state": "^0.19.0",
                "@codemirror/view": "^0.19.0",
                "@lezer/common": "^0.15.0",
                "style-mod": "^4.0.0"
            }
        },
        "@codemirror/history": {
            "version": "0.19.0",
            "resolved": "https://registry.npmjs.org/@codemirror/history/-/history-0.19.0.tgz",
            "integrity": "sha512-E0H+lncH66IMDhaND9jgkjE7s0dhYfjCPmS+Ig2Yes9I8+UIEecIdObj8c8HPCFGctGg3fxXqRAw2mdHl2Wouw==",
            "requires": {
                "@codemirror/state": "^0.19.0",
                "@codemirror/view": "^0.19.0"
            }
        },
        "@codemirror/language": {
            "version": "0.19.3",
            "resolved": "https://registry.npmjs.org/@codemirror/language/-/language-0.19.3.tgz",
            "integrity": "sha512-6vjkRYHRJg/z9wdAk75nU2fQwCJBsh2HpkIjKXIHfzISSgLt5qSDxVhPd8Uu8PD5WMmFFP8tX7I9kdIt873o0A==",
            "requires": {
                "@codemirror/state": "^0.19.0",
                "@codemirror/text": "^0.19.0",
                "@codemirror/view": "^0.19.0",
                "@lezer/common": "^0.15.5",
                "@lezer/lr": "^0.15.0"
            }
        },
        "@codemirror/lint": {
            "version": "0.19.2",
            "resolved": "https://registry.npmjs.org/@codemirror/lint/-/lint-0.19.2.tgz",
            "integrity": "sha512-477qvXWwuf24YsBi1DzjrGyzM+qfPe5L4xEHGxQTGOMq6R0+QAFKppOJsxN3y7gzDpLrZSYZdhJzWevOuliZQg==",
            "requires": {
                "@codemirror/panel": "^0.19.0",
                "@codemirror/state": "^0.19.0",
                "@codemirror/tooltip": "^0.19.0",
                "@codemirror/view": "^0.19.0",
                "crelt": "^1.0.5"
            }
        },
        "@codemirror/matchbrackets": {
            "version": "0.19.3",
            "resolved": "https://registry.npmjs.org/@codemirror/matchbrackets/-/matchbrackets-0.19.3.tgz",
            "integrity": "sha512-ljkrBxaLgh8jesroUiBa57pdEwqJamxkukXrJpL9LdyFZVJaF+9TldhztRaMsMZO1XnCSSHQ9sg32iuHo7Sc2g==",
            "requires": {
                "@codemirror/language": "^0.19.0",
                "@codemirror/state": "^0.19.0",
                "@codemirror/view": "^0.19.0",
                "@lezer/common": "^0.15.0"
            }
        },
        "@codemirror/panel": {
            "version": "0.19.0",
            "resolved": "https://registry.npmjs.org/@codemirror/panel/-/panel-0.19.0.tgz",
            "integrity": "sha512-LJuu49xnuhaAztlhnLJQ57ddOirSyf8/lnl7twsQUG/05RkxodBZ9F7q8r5AOLqOkaQOy9WySEKX1Ur8lD9Q5w==",
            "requires": {
                "@codemirror/state": "^0.19.0",
                "@codemirror/view": "^0.19.0"
            }
        },
        "@codemirror/rangeset": {
            "version": "0.19.1",
            "resolved": "https://registry.npmjs.org/@codemirror/rangeset/-/rangeset-0.19.1.tgz",
            "integrity": "sha512-WaKTEw8JB/3QFlQzpdgRoklopcWvG8O/Xp+rxxOfFKYTaeaejpY/tjpyBBg+Ea65Ka3m7+pPp9d5j/oR2rd9NA==",
            "requires": {
                "@codemirror/state": "^0.19.0"
            }
        },
        "@codemirror/rectangular-selection": {
            "version": "0.19.1",
            "resolved": "https://registry.npmjs.org/@codemirror/rectangular-selection/-/rectangular-selection-0.19.1.tgz",
            "integrity": "sha512-9ElnqOg3mpZIWe0prPRd1SZ48Q9QB3bR8Aocq8UtjboJSUG8ABhRrbuTZMW/rMqpBPSjVpCe9xkCCkEQMYQVmw==",
            "requires": {
                "@codemirror/state": "^0.19.0",
                "@codemirror/text": "^0.19.4",
                "@codemirror/view": "^0.19.0"
            }
        },
        "@codemirror/search": {
            "version": "0.19.2",
            "resolved": "https://registry.npmjs.org/@codemirror/search/-/search-0.19.2.tgz",
            "integrity": "sha512-TrRxUxyJ/a7HXtUvMZhgkOUbKE1xO33UhXjn1XACEHKWhgovw1vEeEEti9dZejN8/QOOFJed39InUxmp7oQ8HA==",
            "requires": {
                "@codemirror/panel": "^0.19.0",
                "@codemirror/rangeset": "^0.19.0",
                "@codemirror/state": "^0.19.2",
                "@codemirror/text": "^0.19.0",
                "@codemirror/view": "^0.19.0",
                "crelt": "^1.0.5"
            }
        },
        "@codemirror/state": {
            "version": "0.19.2",
            "resolved": "https://registry.npmjs.org/@codemirror/state/-/state-0.19.2.tgz",
            "integrity": "sha512-dDqCrtkb0c/LYUlvQBLyLfkISEskbZnhvBbcVOF4j2AusJ1ptJ3EGMxBL9G16GP1TOdC1T613gA1J1qc3pbfGQ==",
            "requires": {
                "@codemirror/text": "^0.19.0"
            }
        },
        "@codemirror/text": {
            "version": "0.19.4",
            "resolved": "https://registry.npmjs.org/@codemirror/text/-/text-0.19.4.tgz",
            "integrity": "sha512-Msd1ImS+Mmref28+oyoOrBwqjH4lbCVO/5ol2jRaCEYH7+KaMocxFADZomPLnMPgDW6Gc4mu/K2lj8IjAOFdTA=="
        },
        "@codemirror/tooltip": {
            "version": "0.19.2",
            "resolved": "https://registry.npmjs.org/@codemirror/tooltip/-/tooltip-0.19.2.tgz",
            "integrity": "sha512-FMMGGLrr62Ck54NEz8yTGpgo8ihobAsC3sbeQg+OpY4jv9dt1yIP5B9LzsIV+TXQB57JZQZxtTqzkhnFq76haw==",
            "requires": {
                "@codemirror/state": "^0.19.0",
                "@codemirror/view": "^0.19.0"
            }
        },
        "@codemirror/view": {
            "version": "0.19.9",
            "resolved": "https://registry.npmjs.org/@codemirror/view/-/view-0.19.9.tgz",
            "integrity": "sha512-d2Z2rFl53yTwvhsRYtS97xT7ce1f/Q/NNE2uDg/Be1MVjP2v1OlwUTyTosBmxiCt4oUvMklfa+EdPGOATVJhtg==",
            "requires": {
                "@codemirror/rangeset": "^0.19.0",
                "@codemirror/state": "^0.19.2",
                "@codemirror/text": "^0.19.0",
                "style-mod": "^4.0.0",
                "w3c-keyname": "^2.2.4"
            }
        },
        "@lezer/common": {
            "version": "0.15.7",
            "resolved": "https://registry.npmjs.org/@lezer/common/-/common-0.15.7.tgz",
            "integrity": "sha512-Rw8TDJnBzZnkyzIXs1Tmmd241FrBLJBj8gkdy3y0joGFb8Z4I/joKEsR+gv1pb13o1TMsZxm3fmP+d/wPt2CTQ=="
        },
        "@lezer/lr": {
            "version": "0.15.4",
            "resolved": "https://registry.npmjs.org/@lezer/lr/-/lr-0.15.4.tgz",
            "integrity": "sha512-vwgG80sihEGJn6wJp6VijXrnzVai/KPva/OzYKaWvIx0IiXKjoMQ8UAwcgpSBwfS4Fbz3IKOX/cCNXU3r1FvpQ==",
            "requires": {
                "@lezer/common": "^0.15.0"
            }
        },
        "@types/node": {
            "version": "16.11.0",
            "resolved": "https://registry.npmjs.org/@types/node/-/node-16.11.0.tgz",
            "integrity": "sha512-8MLkBIYQMuhRBQzGN9875bYsOhPnf/0rgXGo66S2FemHkhbn9qtsz9ywV1iCG+vbjigE4WUNVvw37Dx+L0qsPg==",
            "dev": true
        },
        "crelt": {
            "version": "1.0.5",
            "resolved": "https://registry.npmjs.org/crelt/-/crelt-1.0.5.tgz",
            "integrity": "sha512-+BO9wPPi+DWTDcNYhr/W90myha8ptzftZT+LwcmUbbok0rcP/fequmFYCw8NMoH7pkAZQzU78b3kYrlua5a9eA=="
        },
        "style-mod": {
            "version": "4.0.0",
            "resolved": "https://registry.npmjs.org/style-mod/-/style-mod-4.0.0.tgz",
            "integrity": "sha512-OPhtyEjyyN9x3nhPsu76f52yUGXiZcgvsrFVtvTkyGRQJ0XK+GPc6ov1z+lRpbeabka+MYEQxOYRnt5nF30aMw=="
        },
        "w3c-keyname": {
            "version": "2.2.4",
            "resolved": "https://registry.npmjs.org/w3c-keyname/-/w3c-keyname-2.2.4.tgz",
            "integrity": "sha512-tOhfEwEzFLJzf6d1ZPkYfGj+FWhIpBux9ppoP3rlclw3Z0BZv3N7b7030Z1kYth+6rDuAsXUFr+d0VE6Ed1ikw=="
        }
    }
}
